// !$*UTF8*$!
{
	archiveVersion = 1;
	classes = {
	};
	objectVersion = 46;
	objects = {

/* Begin PBXBuildFile section */
		2901D8611D2A4F2100210851 /* DSTextView.m in Sources */ = {isa = PBXBuildFile; fileRef = 2901D8601D2A4F2100210851 /* DSTextView.m */; };
		2901D8641D2A575F00210851 /* DSUtility.m in Sources */ = {isa = PBXBuildFile; fileRef = 2901D8631D2A575F00210851 /* DSUtility.m */; };
		29F910A01D1AE9A700E2AE35 /* main.m in Sources */ = {isa = PBXBuildFile; fileRef = 29F9109F1D1AE9A700E2AE35 /* main.m */; };
		29F910A31D1AE9A700E2AE35 /* AppDelegate.m in Sources */ = {isa = PBXBuildFile; fileRef = 29F910A21D1AE9A700E2AE35 /* AppDelegate.m */; };
		29F910A61D1AE9A700E2AE35 /* ViewController.m in Sources */ = {isa = PBXBuildFile; fileRef = 29F910A51D1AE9A700E2AE35 /* ViewController.m */; };
		29F910A91D1AE9A700E2AE35 /* Main.storyboard in Resources */ = {isa = PBXBuildFile; fileRef = 29F910A71D1AE9A700E2AE35 /* Main.storyboard */; };
		29F910AB1D1AE9A700E2AE35 /* Assets.xcassets in Resources */ = {isa = PBXBuildFile; fileRef = 29F910AA1D1AE9A700E2AE35 /* Assets.xcassets */; };
		29F910AE1D1AE9A700E2AE35 /* LaunchScreen.storyboard in Resources */ = {isa = PBXBuildFile; fileRef = 29F910AC1D1AE9A700E2AE35 /* LaunchScreen.storyboard */; };
/* End PBXBuildFile section */

/* Begin PBXFileReference section */
		2901D85F1D2A4F2100210851 /* DSTextView.h */ = {isa = PBXFileReference; fileEncoding = 4; lastKnownFileType = sourcecode.c.h; path = DSTextView.h; sourceTree = "<group>"; };
		2901D8601D2A4F2100210851 /* DSTextView.m */ = {isa = PBXFileReference; fileEncoding = 4; lastKnownFileType = sourcecode.c.objc; path = DSTextView.m; sourceTree = "<group>"; };
		2901D8621D2A575F00210851 /* DSUtility.h */ = {isa = PBXFileReference; fileEncoding = 4; lastKnownFileType = sourcecode.c.h; path = DSUtility.h; sourceTree = "<group>"; };
		2901D8631D2A575F00210851 /* DSUtility.m */ = {isa = PBXFileReference; fileEncoding = 4; lastKnownFileType = sourcecode.c.objc; path = DSUtility.m; sourceTree = "<group>"; };
		29F9109B1D1AE9A700E2AE35 /* DSGrowingTextView.app */ = {isa = PBXFileReference; explicitFileType = wrapper.application; includeInIndex = 0; path = DSGrowingTextView.app; sourceTree = BUILT_PRODUCTS_DIR; };
		29F9109F1D1AE9A700E2AE35 /* main.m */ = {isa = PBXFileReference; lastKnownFileType = sourcecode.c.objc; path = main.m; sourceTree = "<group>"; };
		29F910A11D1AE9A700E2AE35 /* AppDelegate.h */ = {isa = PBXFileReference; lastKnownFileType = sourcecode.c.h; path = AppDelegate.h; sourceTree = "<group>"; };
		29F910A21D1AE9A700E2AE35 /* AppDelegate.m */ = {isa = PBXFileReference; lastKnownFileType = sourcecode.c.objc; path = AppDelegate.m; sourceTree = "<group>"; };
		29F910A41D1AE9A700E2AE35 /* ViewController.h */ = {isa = PBXFileReference; lastKnownFileType = sourcecode.c.h; path = ViewController.h; sourceTree = "<group>"; };
		29F910A51D1AE9A700E2AE35 /* ViewController.m */ = {isa = PBXFileReference; lastKnownFileType = sourcecode.c.objc; path = ViewController.m; sourceTree = "<group>"; };
		29F910A81D1AE9A700E2AE35 /* Base */ = {isa = PBXFileReference; lastKnownFileType = file.storyboard; name = Base; path = Base.lproj/Main.storyboard; sourceTree = "<group>"; };
		29F910AA1D1AE9A700E2AE35 /* Assets.xcassets */ = {isa = PBXFileReference; lastKnownFileType = folder.assetcatalog; path = Assets.xcassets; sourceTree = "<group>"; };
		29F910AD1D1AE9A700E2AE35 /* Base */ = {isa = PBXFileReference; lastKnownFileType = file.storyboard; name = Base; path = Base.lproj/LaunchScreen.storyboard; sourceTree = "<group>"; };
		29F910AF1D1AE9A700E2AE35 /* Info.plist */ = {isa = PBXFileReference; lastKnownFileType = text.plist.xml; path = Info.plist; sourceTree = "<group>"; };
/* End PBXFileReference section */

/* Begin PBXFrameworksBuildPhase section */
		29F910981D1AE9A700E2AE35 /* Frameworks */ = {
			isa = PBXFrameworksBuildPhase;
			buildActionMask = 2147483647;
			files = (
			);
			runOnlyForDeploymentPostprocessing = 0;
		};
/* End PBXFrameworksBuildPhase section */

/* Begin PBXGroup section */
		2901D85E1D2A4EEF00210851 /* Include */ = {
			isa = PBXGroup;
			children = (
				2901D85F1D2A4F2100210851 /* DSTextView.h */,
				2901D8601D2A4F2100210851 /* DSTextView.m */,
				2901D8621D2A575F00210851 /* DSUtility.h */,
				2901D8631D2A575F00210851 /* DSUtility.m */,
			);
			name = Include;
			sourceTree = "<group>";
		};
		29F910921D1AE9A700E2AE35 = {
			isa = PBXGroup;
			children = (
				29F9109D1D1AE9A700E2AE35 /* DSGrowingTextView */,
				29F9109C1D1AE9A700E2AE35 /* Products */,
			);
			sourceTree = "<group>";
		};
		29F9109C1D1AE9A700E2AE35 /* Products */ = {
			isa = PBXGroup;
			children = (
				29F9109B1D1AE9A700E2AE35 /* DSGrowingTextView.app */,
			);
			name = Products;
			sourceTree = "<group>";
		};
		29F9109D1D1AE9A700E2AE35 /* DSGrowingTextView */ = {
			isa = PBXGroup;
			children = (
				2901D85E1D2A4EEF00210851 /* Include */,
				29F910A11D1AE9A700E2AE35 /* AppDelegate.h */,
				29F910A21D1AE9A700E2AE35 /* AppDelegate.m */,
				29F910A41D1AE9A700E2AE35 /* ViewController.h */,
				29F910A51D1AE9A700E2AE35 /* ViewController.m */,
				29F910A71D1AE9A700E2AE35 /* Main.storyboard */,
				29F910AA1D1AE9A700E2AE35 /* Assets.xcassets */,
				29F910AC1D1AE9A700E2AE35 /* LaunchScreen.storyboard */,
				29F910AF1D1AE9A700E2AE35 /* Info.plist */,
				29F9109E1D1AE9A700E2AE35 /* Supporting Files */,
			);
			name = DSGrowingTextView;
			path = "Growing Text View";
			sourceTree = "<group>";
		};
		29F9109E1D1AE9A700E2AE35 /* Supporting Files */ = {
			isa = PBXGroup;
			children = (
				29F9109F1D1AE9A700E2AE35 /* main.m */,
			);
			name = "Supporting Files";
			sourceTree = "<group>";
		};
/* End PBXGroup section */

/* Begin PBXNativeTarget section */
		29F9109A1D1AE9A700E2AE35 /* DSGrowingTextView */ = {
			isa = PBXNativeTarget;
			buildConfigurationList = 29F910B21D1AE9A700E2AE35 /* Build configuration list for PBXNativeTarget "DSGrowingTextView" */;
			buildPhases = (
				29F910971D1AE9A700E2AE35 /* Sources */,
				29F910981D1AE9A700E2AE35 /* Frameworks */,
				29F910991D1AE9A700E2AE35 /* Resources */,
			);
			buildRules = (
			);
			dependencies = (
			);
			name = DSGrowingTextView;
			productName = "Growing Text View";
			productReference = 29F9109B1D1AE9A700E2AE35 /* DSGrowingTextView.app */;
			productType = "com.apple.product-type.application";
		};
/* End PBXNativeTarget section */

/* Begin PBXProject section */
		29F910931D1AE9A700E2AE35 /* Project object */ = {
			isa = PBXProject;
			attributes = {
				LastUpgradeCheck = 0730;
				ORGANIZATIONNAME = "Divjyot Singh";
				TargetAttributes = {
					29F9109A1D1AE9A700E2AE35 = {
						CreatedOnToolsVersion = 7.3;
						DevelopmentTeam = C25JNDCBM4;
					};
				};
			};
			buildConfigurationList = 29F910961D1AE9A700E2AE35 /* Build configuration list for PBXProject "DSGrowingTextView" */;
			compatibilityVersion = "Xcode 3.2";
			developmentRegion = English;
			hasScannedForEncodings = 0;
			knownRegions = (
				en,
				Base,
			);
			mainGroup = 29F910921D1AE9A700E2AE35;
			productRefGroup = 29F9109C1D1AE9A700E2AE35 /* Products */;
			projectDirPath = "";
			projectRoot = "";
			targets = (
				29F9109A1D1AE9A700E2AE35 /* DSGrowingTextView */,
			);
		};
/* End PBXProject section */

/* Begin PBXResourcesBuildPhase section */
		29F910991D1AE9A700E2AE35 /* Resources */ = {
			isa = PBXResourcesBuildPhase;
			buildActionMask = 2147483647;
			files = (
				29F910AE1D1AE9A700E2AE35 /* LaunchScreen.storyboard in Resources */,
				29F910AB1D1AE9A700E2AE35 /* Assets.xcassets in Resources */,
				29F910A91D1AE9A700E2AE35 /* Main.storyboard in Resources */,
			);
			runOnlyForDeploymentPostprocessing = 0;
		};
/* End PBXResourcesBuildPhase section */

/* Begin PBXSourcesBuildPhase section */
		29F910971D1AE9A700E2AE35 /* Sources */ = {
			isa = PBXSourcesBuildPhase;
			buildActionMask = 2147483647;
			files = (
				29F910A61D1AE9A700E2AE35 /* ViewController.m in Sources */,
				29F910A31D1AE9A700E2AE35 /* AppDelegate.m in Sources */,
				2901D8611D2A4F2100210851 /* DSTextView.m in Sources */,
				29F910A01D1AE9A700E2AE35 /* main.m in Sources */,
				2901D8641D2A575F00210851 /* DSUtility.m in Sources */,
			);
			runOnlyForDeploymentPostprocessing = 0;
		};
/* End PBXSourcesBuildPhase section */

/* Begin PBXVariantGroup section */
		29F910A71D1AE9A700E2AE35 /* Main.storyboard */ = {
			isa = PBXVariantGroup;
			children = (
				29F910A81D1AE9A700E2AE35 /* Base */,
			);
			name = Main.storyboard;
			sourceTree = "<group>";
		};
		29F910AC1D1AE9A700E2AE35 /* LaunchScreen.storyboard */ = {
			isa = PBXVariantGroup;
			children = (
				29F910AD1D1AE9A700E2AE35 /* Base */,
			);
			name = LaunchScreen.storyboard;
			sourceTree = "<group>";
		};
/* End PBXVariantGroup section */

/* Begin XCBuildConfiguration section */
		29F910B01D1AE9A700E2AE35 /* Debug */ = {
			isa = XCBuildConfiguration;
			buildSettings = {
				ALWAYS_SEARCH_USER_PATHS = NO;
				CLANG_ANALYZER_NONNULL = YES;
				CLANG_CXX_LANGUAGE_STANDARD = "gnu++0x";
				CLANG_CXX_LIBRARY = "libc++";
				CLANG_ENABLE_MODULES = YES;
				CLANG_ENABLE_OBJC_ARC = YES;
				CLANG_WARN_BOOL_CONVERSION = YES;
				CLANG_WARN_CONSTANT_CONVERSION = YES;
				CLANG_WARN_DIRECT_OBJC_ISA_USAGE = YES_ERROR;
				CLANG_WARN_EMPTY_BODY = YES;
				CLANG_WARN_ENUM_CONVERSION = YES;
				CLANG_WARN_INT_CONVERSION = YES;
				CLANG_WARN_OBJC_ROOT_CLASS = YES_ERROR;
				CLANG_WARN_UNREACHABLE_CODE = YES;
				CLANG_WARN__DUPLICATE_METHOD_MATCH = YES;
				"CODE_SIGN_IDENTITY[sdk=iphoneos*]" = "iPhone Developer";
				COPY_PHASE_STRIP = NO;
				DEBUG_INFORMATION_FORMAT = dwarf;
				ENABLE_STRICT_OBJC_MSGSEND = YES;
				ENABLE_TESTABILITY = YES;
				GCC_C_LANGUAGE_STANDARD = gnu99;
				GCC_DYNAMIC_NO_PIC = NO;
				GCC_NO_COMMON_BLOCKS = YES;
				GCC_OPTIMIZATION_LEVEL = 0;
				GCC_PREPROCESSOR_DEFINITIONS = (
					"DEBUG=1",
					"$(inherited)",
				);
				GCC_WARN_64_TO_32_BIT_CONVERSION = YES;
				GCC_WARN_ABOUT_RETURN_TYPE = YES_ERROR;
				GCC_WARN_UNDECLARED_SELECTOR = YES;
				GCC_WARN_UNINITIALIZED_AUTOS = YES_AGGRESSIVE;
				GCC_WARN_UNUSED_FUNCTION = YES;
				GCC_WARN_UNUSED_VARIABLE = YES;
				IPHONEOS_DEPLOYMENT_TARGET = 9.3;
				MTL_ENABLE_DEBUG_INFO = YES;
				ONLY_ACTIVE_ARCH = YES;
				SDKROOT = iphoneos;
				TARGETED_DEVICE_FAMILY = "1,2";
			};
			name = Debug;
		};
		29F910B11D1AE9A700E2AE35 /* Release */ = {
			isa = XCBuildConfiguration;
			buildSettings = {
				ALWAYS_SEARCH_USER_PATHS = NO;
				CLANG_ANALYZER_NONNULL = YES;
				CLANG_CXX_LANGUAGE_STANDARD = "gnu++0x";
				CLANG_CXX_LIBRARY = "libc++";
				CLANG_ENABLE_MODULES = YES;
				CLANG_ENABLE_OBJC_ARC = YES;
				CLANG_WARN_BOOL_CONVERSION = YES;
				CLANG_WARN_CONSTANT_CONVERSION = YES;
				CLANG_WARN_DIRECT_OBJC_ISA_USAGE = YES_ERROR;
				CLANG_WARN_EMPTY_BODY = YES;
				CLANG_WARN_ENUM_CONVERSION = YES;
				CLANG_WARN_INT_CONVERSION = YES;
				CLANG_WARN_OBJC_ROOT_CLASS = YES_ERROR;
				CLANG_WARN_UNREACHABLE_CODE = YES;
				CLANG_WARN__DUPLICATE_METHOD_MATCH = YES;
				"CODE_SIGN_IDENTITY[sdk=iphoneos*]" = "iPhone Developer";
				COPY_PHASE_STRIP = NO;
				DEBUG_INFORMATION_FORMAT = "dwarf-with-dsym";
				ENABLE_NS_ASSERTIONS = NO;
				ENABLE_STRICT_OBJC_MSGSEND = YES;
				GCC_C_LANGUAGE_STANDARD = gnu99;
				GCC_NO_COMMON_BLOCKS = YES;
				GCC_WARN_64_TO_32_BIT_CONVERSION = YES;
				GCC_WARN_ABOUT_RETURN_TYPE = YES_ERROR;
				GCC_WARN_UNDECLARED_SELECTOR = YES;
				GCC_WARN_UNINITIALIZED_AUTOS = YES_AGGRESSIVE;
				GCC_WARN_UNUSED_FUNCTION = YES;
				GCC_WARN_UNUSED_VARIABLE = YES;
				IPHONEOS_DEPLOYMENT_TARGET = 9.3;
				MTL_ENABLE_DEBUG_INFO = NO;
				SDKROOT = iphoneos;
				TARGETED_DEVICE_FAMILY = "1,2";
				VALIDATE_PRODUCT = YES;
			};
			name = Release;
		};
		29F910B31D1AE9A700E2AE35 /* Debug */ = {
			isa = XCBuildConfiguration;
			buildSettings = {
				ASSETCATALOG_COMPILER_APPICON_NAME = AppIcon;
				CODE_SIGN_IDENTITY = "iPhone Developer";
				"CODE_SIGN_IDENTITY[sdk=iphoneos*]" = "iPhone Developer";
				INFOPLIST_FILE = "Growing Text View/Info.plist";
				IPHONEOS_DEPLOYMENT_TARGET = 8.3;
				LD_RUNPATH_SEARCH_PATHS = "$(inherited) @executable_path/Frameworks";
				PRODUCT_BUNDLE_IDENTIFIER = com.divjyotsingh.growingTextView;
				PRODUCT_NAME = DSGrowingTextView;
				PROVISIONING_PROFILE = "29d0e3a9-8782-4f61-a929-3f0f34a86c40";
			};
			name = Debug;
		};
		29F910B41D1AE9A700E2AE35 /* Release */ = {
			isa = XCBuildConfiguration;
			buildSettings = {
				ASSETCATALOG_COMPILER_APPICON_NAME = AppIcon;
				CODE_SIGN_IDENTITY = "iPhone Developer";
				"CODE_SIGN_IDENTITY[sdk=iphoneos*]" = "iPhone Developer";
				INFOPLIST_FILE = "Growing Text View/Info.plist";
				IPHONEOS_DEPLOYMENT_TARGET = 8.3;
				LD_RUNPATH_SEARCH_PATHS = "$(inherited) @executable_path/Frameworks";
				PRODUCT_BUNDLE_IDENTIFIER = com.divjyotsingh.growingTextView;
				PRODUCT_NAME = DSGrowingTextView;
				PROVISIONING_PROFILE = "29d0e3a9-8782-4f61-a929-3f0f34a86c40";
			};
			name = Release;
		};
/* End XCBuildConfiguration section */

/* Begin XCConfigurationList section */
		29F910961D1AE9A700E2AE35 /* Build configuration list for PBXProject "DSGrowingTextView" */ = {
			isa = XCConfigurationList;
			buildConfigurations = (
				29F910B01D1AE9A700E2AE35 /* Debug */,
				29F910B11D1AE9A700E2AE35 /* Release */,
			);
			defaultConfigurationIsVisible = 0;
			defaultConfigurationName = Release;
		};
		29F910B21D1AE9A700E2AE35 /* Build configuration list for PBXNativeTarget "DSGrowingTextView" */ = {
			isa = XCConfigurationList;
			buildConfigurations = (
				29F910B31D1AE9A700E2AE35 /* Debug */,
				29F910B41D1AE9A700E2AE35 /* Release */,
			);
			defaultConfigurationIsVisible = 0;
			defaultConfigurationName = Release;
		};
/* End XCConfigurationList section */
	};
	rootObject = 29F910931D1AE9A700E2AE35 /* Project object */;
}
